
Microsoft Visual Studio Solution File, Format Version 12.00
# Visual Studio Version 16
VisualStudioVersion = 16.0.33801.447
MinimumVisualStudioVersion = 10.0.40219.1
Project("{FAE04EC0-301F-11D3-BF4B-00C04F79EFBC}") = "MvcProje", "MvcProje\MvcProje.csproj", "{3484CFD3-FC78-4EAC-B5D6-DF286098A9BC}"
EndProject
Global
	GlobalSection(SolutionConfigurationPlatforms) = preSolution
		Debug|Any CPU = Debug|Any CPU
		Release|Any CPU = Release|Any CPU
	EndGlobalSection
	GlobalSection(ProjectConfigurationPlatforms) = postSolution
		{3484CFD3-FC78-4EAC-B5D6-DF286098A9BC}.Debug|Any CPU.ActiveCfg = Debug|Any CPU
		{3484CFD3-FC78-4EAC-B5D6-DF286098A9BC}.Debug|Any CPU.Build.0 = Debug|Any CPU
		{3484CFD3-FC78-4EAC-B5D6-DF286098A9BC}.Release|Any CPU.ActiveCfg = Release|Any CPU
		{3484CFD3-FC78-4EAC-B5D6-DF286098A9BC}.Release|Any CPU.Build.0 = Release|Any CPU
	EndGlobalSection
	GlobalSection(SolutionProperties) = preSolution
		HideSolutionNode = FALSE
	EndGlobalSection
	GlobalSection(ExtensibilityGlobals) = postSolution
		SolutionGuid = {3EA037C2-274C-4AAE-86CC-8D01B27EFD45}
	EndGlobalSection
EndGlobal
